{
  "requires": true,
  "lockfileVersion": 1,
  "dependencies": {
    "@hotwired/stimulus": {
      "version": "3.0.1",
      "resolved": "https://registry.npmjs.org/@hotwired/stimulus/-/stimulus-3.0.1.tgz",
      "integrity": "sha512-oHsJhgY2cip+K2ED7vKUNd2P+BEswVhrCYcJ802DSsblJFv7mPFVk3cQKvm2vHgHeDVdnj7oOKrBbzp1u8D+KA=="
    },
    "tailwindcss-stimulus-components": {
      "version": "3.0.4",
      "resolved": "https://registry.npmjs.org/tailwindcss-stimulus-components/-/tailwindcss-stimulus-components-3.0.4.tgz",
      "integrity": "sha512-kv4CHEcTvZSmthV6PseSdnW/QqKh237fZrvbNKNhWeYsTuEnOrKvdbR+3CmpuTok7L4XgEXk+XOFfo7AMhhtAA==",
      "requires": {
        "@hotwired/stimulus": ">=3.0.0"
      }
    }
  }
}
